
Microsoft Visual Studio Solution File, Format Version 12.00
# Visual Studio Version 16
VisualStudioVersion = 16.0.29102.190
MinimumVisualStudioVersion = 10.0.40219.1
Project("{FAE04EC0-301F-11D3-BF4B-00C04F79EFBC}") = "GuiZkaH", "GuiZkaH.csproj", "{630FFD3E-7863-4687-829C-9A8FEF5CC816}"
EndProject
Global
	GlobalSection(SolutionConfigurationPlatforms) = preSolution
		Debug|Any CPU = Debug|Any CPU
		Release|Any CPU = Release|Any CPU
	EndGlobalSection
	GlobalSection(ProjectConfigurationPlatforms) = postSolution
		{630FFD3E-7863-4687-829C-9A8FEF5CC816}.Debug|Any CPU.ActiveCfg = Debug|Any CPU
		{630FFD3E-7863-4687-829C-9A8FEF5CC816}.Debug|Any CPU.Build.0 = Debug|Any CPU
		{630FFD3E-7863-4687-829C-9A8FEF5CC816}.Release|Any CPU.ActiveCfg = Release|Any CPU
		{630FFD3E-7863-4687-829C-9A8FEF5CC816}.Release|Any CPU.Build.0 = Release|Any CPU
	EndGlobalSection
	GlobalSection(SolutionProperties) = preSolution
		HideSolutionNode = FALSE
	EndGlobalSection
	GlobalSection(ExtensibilityGlobals) = postSolution
		SolutionGuid = {770AE8B1-DC28-4919-A261-8145608998DB}
	EndGlobalSection
EndGlobal
